
Microsoft Visual Studio Solution File, Format Version 12.00
# Visual Studio 2015
Project("{FAE04EC0-301F-11D3-BF4B-00C04F79EFBC}") = "Summer Wave Game.CSharp.Plugins", "Summer Wave Game.CSharp.Plugins.csproj", "{A3E80DDE-F05B-4185-5DDE-59C6A6C3A219}"
EndProject
Project("{FAE04EC0-301F-11D3-BF4B-00C04F79EFBC}") = "Summer Wave Game.CSharp", "Summer Wave Game.CSharp.csproj", "{6D979306-9939-6CDB-5F46-A4929EB22A46}"
EndProject
Project("{FAE04EC0-301F-11D3-BF4B-00C04F79EFBC}") = "Summer Wave Game.CSharp.Editor", "Summer Wave Game.CSharp.Editor.csproj", "{B5CE534F-2281-24B6-4380-FC9F59117C62}"
EndProject
Global
	GlobalSection(SolutionConfigurationPlatforms) = preSolution
		Debug|Any CPU = Debug|Any CPU
		Release|Any CPU = Release|Any CPU
	EndGlobalSection
	GlobalSection(ProjectConfigurationPlatforms) = postSolution
		{A3E80DDE-F05B-4185-5DDE-59C6A6C3A219}.Debug|Any CPU.ActiveCfg = Debug|Any CPU
		{A3E80DDE-F05B-4185-5DDE-59C6A6C3A219}.Debug|Any CPU.Build.0 = Debug|Any CPU
		{A3E80DDE-F05B-4185-5DDE-59C6A6C3A219}.Release|Any CPU.ActiveCfg = Release|Any CPU
		{A3E80DDE-F05B-4185-5DDE-59C6A6C3A219}.Release|Any CPU.Build.0 = Release|Any CPU
		{6D979306-9939-6CDB-5F46-A4929EB22A46}.Debug|Any CPU.ActiveCfg = Debug|Any CPU
		{6D979306-9939-6CDB-5F46-A4929EB22A46}.Debug|Any CPU.Build.0 = Debug|Any CPU
		{6D979306-9939-6CDB-5F46-A4929EB22A46}.Release|Any CPU.ActiveCfg = Release|Any CPU
		{6D979306-9939-6CDB-5F46-A4929EB22A46}.Release|Any CPU.Build.0 = Release|Any CPU
		{B5CE534F-2281-24B6-4380-FC9F59117C62}.Debug|Any CPU.ActiveCfg = Debug|Any CPU
		{B5CE534F-2281-24B6-4380-FC9F59117C62}.Debug|Any CPU.Build.0 = Debug|Any CPU
		{B5CE534F-2281-24B6-4380-FC9F59117C62}.Release|Any CPU.ActiveCfg = Release|Any CPU
		{B5CE534F-2281-24B6-4380-FC9F59117C62}.Release|Any CPU.Build.0 = Release|Any CPU
	EndGlobalSection
	GlobalSection(SolutionProperties) = preSolution
		HideSolutionNode = FALSE
	EndGlobalSection
EndGlobal
